
Microsoft Visual Studio Solution File, Format Version 12.00
# Visual Studio Version 16
VisualStudioVersion = 16.0.30503.244
MinimumVisualStudioVersion = 10.0.40219.1
Project("{FAE04EC0-301F-11D3-BF4B-00C04F79EFBC}") = "Task1", "Task1\Task1.csproj", "{04909D5D-8687-4CB9-9143-8C74EB08485B}"
EndProject
Project("{FAE04EC0-301F-11D3-BF4B-00C04F79EFBC}") = "Task2", "Task2\Task2.csproj", "{2106BA54-54A6-4972-AFE5-3C333D9DAD34}"
EndProject
Global
	GlobalSection(SolutionConfigurationPlatforms) = preSolution
		Debug|Any CPU = Debug|Any CPU
		Release|Any CPU = Release|Any CPU
	EndGlobalSection
	GlobalSection(ProjectConfigurationPlatforms) = postSolution
		{04909D5D-8687-4CB9-9143-8C74EB08485B}.Debug|Any CPU.ActiveCfg = Debug|Any CPU
		{04909D5D-8687-4CB9-9143-8C74EB08485B}.Debug|Any CPU.Build.0 = Debug|Any CPU
		{04909D5D-8687-4CB9-9143-8C74EB08485B}.Release|Any CPU.ActiveCfg = Release|Any CPU
		{04909D5D-8687-4CB9-9143-8C74EB08485B}.Release|Any CPU.Build.0 = Release|Any CPU
		{2106BA54-54A6-4972-AFE5-3C333D9DAD34}.Debug|Any CPU.ActiveCfg = Debug|Any CPU
		{2106BA54-54A6-4972-AFE5-3C333D9DAD34}.Debug|Any CPU.Build.0 = Debug|Any CPU
		{2106BA54-54A6-4972-AFE5-3C333D9DAD34}.Release|Any CPU.ActiveCfg = Release|Any CPU
		{2106BA54-54A6-4972-AFE5-3C333D9DAD34}.Release|Any CPU.Build.0 = Release|Any CPU
	EndGlobalSection
	GlobalSection(SolutionProperties) = preSolution
		HideSolutionNode = FALSE
	EndGlobalSection
	GlobalSection(ExtensibilityGlobals) = postSolution
		SolutionGuid = {96555B76-B22A-4ACB-B6EB-88669627FF82}
	EndGlobalSection
EndGlobal
