
Microsoft Visual Studio Solution File, Format Version 12.00
# Visual Studio Version 16
VisualStudioVersion = 16.0.30503.244
MinimumVisualStudioVersion = 10.0.40219.1
Project("{FAE04EC0-301F-11D3-BF4B-00C04F79EFBC}") = "Build", "Build\Build.csproj", "{19FCCFD7-AB95-43A2-963A-83B6DDE8846B}"
EndProject
Global
	GlobalSection(SolutionConfigurationPlatforms) = preSolution
		Debug|Any CPU = Debug|Any CPU
		Release|Any CPU = Release|Any CPU
	EndGlobalSection
	GlobalSection(ProjectConfigurationPlatforms) = postSolution
		{19FCCFD7-AB95-43A2-963A-83B6DDE8846B}.Debug|Any CPU.ActiveCfg = Debug|Any CPU
		{19FCCFD7-AB95-43A2-963A-83B6DDE8846B}.Debug|Any CPU.Build.0 = Debug|Any CPU
		{19FCCFD7-AB95-43A2-963A-83B6DDE8846B}.Release|Any CPU.ActiveCfg = Release|Any CPU
		{19FCCFD7-AB95-43A2-963A-83B6DDE8846B}.Release|Any CPU.Build.0 = Release|Any CPU
	EndGlobalSection
	GlobalSection(SolutionProperties) = preSolution
		HideSolutionNode = FALSE
	EndGlobalSection
	GlobalSection(ExtensibilityGlobals) = postSolution
		SolutionGuid = {4FABA751-E0A5-40A2-8C31-7D2C2C825AF1}
	EndGlobalSection
EndGlobal
